// !$*UTF8*$!
{
	archiveVersion = 1;
	classes = {
	};
	objectVersion = 48;
	objects = {

/* Begin PBXBuildFile section */
		9C580FEE1FA6C84F00181EF1 /* JobAction.swift in Sources */ = {isa = PBXBuildFile; fileRef = 9C580FED1FA6C84F00181EF1 /* JobAction.swift */; };
		9C580FF01FA6CAAE00181EF1 /* FileTarget.swift in Sources */ = {isa = PBXBuildFile; fileRef = 9C580FEF1FA6CAAE00181EF1 /* FileTarget.swift */; };
		9C580FF21FA6CB6000181EF1 /* utils.swift in Sources */ = {isa = PBXBuildFile; fileRef = 9C580FF11FA6CB6000181EF1 /* utils.swift */; };
		9C580FF41FA7D23C00181EF1 /* QueueSupport.swift in Sources */ = {isa = PBXBuildFile; fileRef = 9C580FF31FA7D23C00181EF1 /* QueueSupport.swift */; };
		9CA9B7991FA9770600F3D546 /* Stats.swift in Sources */ = {isa = PBXBuildFile; fileRef = 9CA9B7981FA9770600F3D546 /* Stats.swift */; };
		9CB00DA01FA3CE6B005A7A4A /* main.swift in Sources */ = {isa = PBXBuildFile; fileRef = 9CB00D9F1FA3CE6B005A7A4A /* main.swift */; };
		9CB2D9481FAB8FA800DC52B4 /* ParseINI.swift in Sources */ = {isa = PBXBuildFile; fileRef = 9CB2D9471FAB8FA800DC52B4 /* ParseINI.swift */; };
		9CCFCB9F1FABEA9E00585D20 /* Histogram.swift in Sources */ = {isa = PBXBuildFile; fileRef = 9CCFCB9E1FABEA9E00585D20 /* Histogram.swift */; };
		9CCFCBA31FAC101C00585D20 /* getwinsize.c in Sources */ = {isa = PBXBuildFile; fileRef = 9CCFCBA21FAC101C00585D20 /* getwinsize.c */; };
/* End PBXBuildFile section */

/* Begin PBXCopyFilesBuildPhase section */
		9CB00D9A1FA3CE6B005A7A4A /* CopyFiles */ = {
			isa = PBXCopyFilesBuildPhase;
			buildActionMask = 2147483647;
			dstPath = /usr/share/man/man1/;
			dstSubfolderSpec = 0;
			files = (
			);
			runOnlyForDeploymentPostprocessing = 1;
		};
/* End PBXCopyFilesBuildPhase section */

/* Begin PBXFileReference section */
		9C580FED1FA6C84F00181EF1 /* JobAction.swift */ = {isa = PBXFileReference; lastKnownFileType = sourcecode.swift; path = JobAction.swift; sourceTree = "<group>"; };
		9C580FEF1FA6CAAE00181EF1 /* FileTarget.swift */ = {isa = PBXFileReference; lastKnownFileType = sourcecode.swift; path = FileTarget.swift; sourceTree = "<group>"; };
		9C580FF11FA6CB6000181EF1 /* utils.swift */ = {isa = PBXFileReference; lastKnownFileType = sourcecode.swift; path = utils.swift; sourceTree = "<group>"; };
		9C580FF31FA7D23C00181EF1 /* QueueSupport.swift */ = {isa = PBXFileReference; lastKnownFileType = sourcecode.swift; path = QueueSupport.swift; sourceTree = "<group>"; };
		9CA9B7981FA9770600F3D546 /* Stats.swift */ = {isa = PBXFileReference; lastKnownFileType = sourcecode.swift; path = Stats.swift; sourceTree = "<group>"; };
		9CB00D9C1FA3CE6B005A7A4A /* FirstIOEngine */ = {isa = PBXFileReference; explicitFileType = "compiled.mach-o.executable"; includeInIndex = 0; path = FirstIOEngine; sourceTree = BUILT_PRODUCTS_DIR; };
		9CB00D9F1FA3CE6B005A7A4A /* main.swift */ = {isa = PBXFileReference; lastKnownFileType = sourcecode.swift; path = main.swift; sourceTree = "<group>"; };
		9CB2D9471FAB8FA800DC52B4 /* ParseINI.swift */ = {isa = PBXFileReference; lastKnownFileType = sourcecode.swift; path = ParseINI.swift; sourceTree = "<group>"; };
		9CCFCB9E1FABEA9E00585D20 /* Histogram.swift */ = {isa = PBXFileReference; lastKnownFileType = sourcecode.swift; path = Histogram.swift; sourceTree = "<group>"; };
		9CCFCBA01FAC101C00585D20 /* FirstIOEngine-Bridging-Header.h */ = {isa = PBXFileReference; lastKnownFileType = sourcecode.c.h; path = "FirstIOEngine-Bridging-Header.h"; sourceTree = "<group>"; };
		9CCFCBA11FAC101C00585D20 /* getwinsize.h */ = {isa = PBXFileReference; lastKnownFileType = sourcecode.c.h; path = getwinsize.h; sourceTree = "<group>"; };
		9CCFCBA21FAC101C00585D20 /* getwinsize.c */ = {isa = PBXFileReference; lastKnownFileType = sourcecode.c.c; path = getwinsize.c; sourceTree = "<group>"; };
/* End PBXFileReference section */

/* Begin PBXFrameworksBuildPhase section */
		9CB00D991FA3CE6B005A7A4A /* Frameworks */ = {
			isa = PBXFrameworksBuildPhase;
			buildActionMask = 2147483647;
			files = (
			);
			runOnlyForDeploymentPostprocessing = 0;
		};
/* End PBXFrameworksBuildPhase section */

/* Begin PBXGroup section */
		9CB00D931FA3CE6B005A7A4A = {
			isa = PBXGroup;
			children = (
				9CB00D9E1FA3CE6B005A7A4A /* FirstIOEngine */,
				9CB00D9D1FA3CE6B005A7A4A /* Products */,
			);
			sourceTree = "<group>";
		};
		9CB00D9D1FA3CE6B005A7A4A /* Products */ = {
			isa = PBXGroup;
			children = (
				9CB00D9C1FA3CE6B005A7A4A /* FirstIOEngine */,
			);
			name = Products;
			sourceTree = "<group>";
		};
		9CB00D9E1FA3CE6B005A7A4A /* FirstIOEngine */ = {
			isa = PBXGroup;
			children = (
				9CB00D9F1FA3CE6B005A7A4A /* main.swift */,
				9C580FF11FA6CB6000181EF1 /* utils.swift */,
				9C580FEF1FA6CAAE00181EF1 /* FileTarget.swift */,
				9C580FF31FA7D23C00181EF1 /* QueueSupport.swift */,
				9C580FED1FA6C84F00181EF1 /* JobAction.swift */,
				9CB2D9471FAB8FA800DC52B4 /* ParseINI.swift */,
				9CA9B7981FA9770600F3D546 /* Stats.swift */,
				9CCFCB9E1FABEA9E00585D20 /* Histogram.swift */,
				9CCFCBA11FAC101C00585D20 /* getwinsize.h */,
				9CCFCBA21FAC101C00585D20 /* getwinsize.c */,
				9CCFCBA01FAC101C00585D20 /* FirstIOEngine-Bridging-Header.h */,
			);
			path = FirstIOEngine;
			sourceTree = "<group>";
		};
/* End PBXGroup section */

/* Begin PBXNativeTarget section */
		9CB00D9B1FA3CE6B005A7A4A /* FirstIOEngine */ = {
			isa = PBXNativeTarget;
			buildConfigurationList = 9CB00DA31FA3CE6B005A7A4A /* Build configuration list for PBXNativeTarget "FirstIOEngine" */;
			buildPhases = (
				9CB00D981FA3CE6B005A7A4A /* Sources */,
				9CB00D991FA3CE6B005A7A4A /* Frameworks */,
				9CB00D9A1FA3CE6B005A7A4A /* CopyFiles */,
			);
			buildRules = (
			);
			dependencies = (
			);
			name = FirstIOEngine;
			productName = FirstIOEngine;
			productReference = 9CB00D9C1FA3CE6B005A7A4A /* FirstIOEngine */;
			productType = "com.apple.product-type.tool";
		};
/* End PBXNativeTarget section */

/* Begin PBXProject section */
		9CB00D941FA3CE6B005A7A4A /* Project object */ = {
			isa = PBXProject;
			attributes = {
				LastSwiftUpdateCheck = 0900;
				LastUpgradeCheck = 0900;
				ORGANIZATIONNAME = "Richard McNeal";
				TargetAttributes = {
					9CB00D9B1FA3CE6B005A7A4A = {
						CreatedOnToolsVersion = 9.0.1;
						LastSwiftMigration = 0910;
						ProvisioningStyle = Automatic;
					};
				};
			};
			buildConfigurationList = 9CB00D971FA3CE6B005A7A4A /* Build configuration list for PBXProject "FirstIOEngine" */;
			compatibilityVersion = "Xcode 8.0";
			developmentRegion = en;
			hasScannedForEncodings = 0;
			knownRegions = (
				en,
			);
			mainGroup = 9CB00D931FA3CE6B005A7A4A;
			productRefGroup = 9CB00D9D1FA3CE6B005A7A4A /* Products */;
			projectDirPath = "";
			projectRoot = "";
			targets = (
				9CB00D9B1FA3CE6B005A7A4A /* FirstIOEngine */,
			);
		};
/* End PBXProject section */

/* Begin PBXSourcesBuildPhase section */
		9CB00D981FA3CE6B005A7A4A /* Sources */ = {
			isa = PBXSourcesBuildPhase;
			buildActionMask = 2147483647;
			files = (
				9CCFCB9F1FABEA9E00585D20 /* Histogram.swift in Sources */,
				9C580FF01FA6CAAE00181EF1 /* FileTarget.swift in Sources */,
				9CA9B7991FA9770600F3D546 /* Stats.swift in Sources */,
				9CB00DA01FA3CE6B005A7A4A /* main.swift in Sources */,
				9CB2D9481FAB8FA800DC52B4 /* ParseINI.swift in Sources */,
				9CCFCBA31FAC101C00585D20 /* getwinsize.c in Sources */,
				9C580FEE1FA6C84F00181EF1 /* JobAction.swift in Sources */,
				9C580FF21FA6CB6000181EF1 /* utils.swift in Sources */,
				9C580FF41FA7D23C00181EF1 /* QueueSupport.swift in Sources */,
			);
			runOnlyForDeploymentPostprocessing = 0;
		};
/* End PBXSourcesBuildPhase section */

/* Begin XCBuildConfiguration section */
		9CB00DA11FA3CE6B005A7A4A /* Debug */ = {
			isa = XCBuildConfiguration;
			buildSettings = {
				ALWAYS_SEARCH_USER_PATHS = NO;
				CLANG_ANALYZER_NONNULL = YES;
				CLANG_ANALYZER_NUMBER_OBJECT_CONVERSION = YES_AGGRESSIVE;
				CLANG_CXX_LANGUAGE_STANDARD = "gnu++14";
				CLANG_CXX_LIBRARY = "libc++";
				CLANG_ENABLE_MODULES = YES;
				CLANG_ENABLE_OBJC_ARC = YES;
				CLANG_WARN_BLOCK_CAPTURE_AUTORELEASING = YES;
				CLANG_WARN_BOOL_CONVERSION = YES;
				CLANG_WARN_COMMA = YES;
				CLANG_WARN_CONSTANT_CONVERSION = YES;
				CLANG_WARN_DIRECT_OBJC_ISA_USAGE = YES_ERROR;
				CLANG_WARN_DOCUMENTATION_COMMENTS = YES;
				CLANG_WARN_EMPTY_BODY = YES;
				CLANG_WARN_ENUM_CONVERSION = YES;
				CLANG_WARN_INFINITE_RECURSION = YES;
				CLANG_WARN_INT_CONVERSION = YES;
				CLANG_WARN_NON_LITERAL_NULL_CONVERSION = YES;
				CLANG_WARN_OBJC_LITERAL_CONVERSION = YES;
				CLANG_WARN_OBJC_ROOT_CLASS = YES_ERROR;
				CLANG_WARN_RANGE_LOOP_ANALYSIS = YES;
				CLANG_WARN_STRICT_PROTOTYPES = YES;
				CLANG_WARN_SUSPICIOUS_MOVE = YES;
				CLANG_WARN_UNGUARDED_AVAILABILITY = YES_AGGRESSIVE;
				CLANG_WARN_UNREACHABLE_CODE = YES;
				CLANG_WARN__DUPLICATE_METHOD_MATCH = YES;
				CODE_SIGN_IDENTITY = "-";
				COPY_PHASE_STRIP = NO;
				DEBUG_INFORMATION_FORMAT = dwarf;
				ENABLE_STRICT_OBJC_MSGSEND = YES;
				ENABLE_TESTABILITY = YES;
				GCC_C_LANGUAGE_STANDARD = gnu11;
				GCC_DYNAMIC_NO_PIC = NO;
				GCC_NO_COMMON_BLOCKS = YES;
				GCC_OPTIMIZATION_LEVEL = 0;
				GCC_PREPROCESSOR_DEFINITIONS = (
					"DEBUG=1",
					"$(inherited)",
				);
				GCC_WARN_64_TO_32_BIT_CONVERSION = YES;
				GCC_WARN_ABOUT_RETURN_TYPE = YES_ERROR;
				GCC_WARN_UNDECLARED_SELECTOR = YES;
				GCC_WARN_UNINITIALIZED_AUTOS = YES_AGGRESSIVE;
				GCC_WARN_UNUSED_FUNCTION = YES;
				GCC_WARN_UNUSED_VARIABLE = YES;
				MACOSX_DEPLOYMENT_TARGET = 10.13;
				MTL_ENABLE_DEBUG_INFO = YES;
				ONLY_ACTIVE_ARCH = YES;
				SDKROOT = macosx;
				SWIFT_ACTIVE_COMPILATION_CONDITIONS = DEBUG;
				SWIFT_OPTIMIZATION_LEVEL = "-Onone";
			};
			name = Debug;
		};
		9CB00DA21FA3CE6B005A7A4A /* Release */ = {
			isa = XCBuildConfiguration;
			buildSettings = {
				ALWAYS_SEARCH_USER_PATHS = NO;
				CLANG_ANALYZER_NONNULL = YES;
				CLANG_ANALYZER_NUMBER_OBJECT_CONVERSION = YES_AGGRESSIVE;
				CLANG_CXX_LANGUAGE_STANDARD = "gnu++14";
				CLANG_CXX_LIBRARY = "libc++";
				CLANG_ENABLE_MODULES = YES;
				CLANG_ENABLE_OBJC_ARC = YES;
				CLANG_WARN_BLOCK_CAPTURE_AUTORELEASING = YES;
				CLANG_WARN_BOOL_CONVERSION = YES;
				CLANG_WARN_COMMA = YES;
				CLANG_WARN_CONSTANT_CONVERSION = YES;
				CLANG_WARN_DIRECT_OBJC_ISA_USAGE = YES_ERROR;
				CLANG_WARN_DOCUMENTATION_COMMENTS = YES;
				CLANG_WARN_EMPTY_BODY = YES;
				CLANG_WARN_ENUM_CONVERSION = YES;
				CLANG_WARN_INFINITE_RECURSION = YES;
				CLANG_WARN_INT_CONVERSION = YES;
				CLANG_WARN_NON_LITERAL_NULL_CONVERSION = YES;
				CLANG_WARN_OBJC_LITERAL_CONVERSION = YES;
				CLANG_WARN_OBJC_ROOT_CLASS = YES_ERROR;
				CLANG_WARN_RANGE_LOOP_ANALYSIS = YES;
				CLANG_WARN_STRICT_PROTOTYPES = YES;
				CLANG_WARN_SUSPICIOUS_MOVE = YES;
				CLANG_WARN_UNGUARDED_AVAILABILITY = YES_AGGRESSIVE;
				CLANG_WARN_UNREACHABLE_CODE = YES;
				CLANG_WARN__DUPLICATE_METHOD_MATCH = YES;
				CODE_SIGN_IDENTITY = "-";
				COPY_PHASE_STRIP = NO;
				DEBUG_INFORMATION_FORMAT = "dwarf-with-dsym";
				ENABLE_NS_ASSERTIONS = NO;
				ENABLE_STRICT_OBJC_MSGSEND = YES;
				GCC_C_LANGUAGE_STANDARD = gnu11;
				GCC_NO_COMMON_BLOCKS = YES;
				GCC_WARN_64_TO_32_BIT_CONVERSION = YES;
				GCC_WARN_ABOUT_RETURN_TYPE = YES_ERROR;
				GCC_WARN_UNDECLARED_SELECTOR = YES;
				GCC_WARN_UNINITIALIZED_AUTOS = YES_AGGRESSIVE;
				GCC_WARN_UNUSED_FUNCTION = YES;
				GCC_WARN_UNUSED_VARIABLE = YES;
				MACOSX_DEPLOYMENT_TARGET = 10.13;
				MTL_ENABLE_DEBUG_INFO = NO;
				SDKROOT = macosx;
				SWIFT_OPTIMIZATION_LEVEL = "-Owholemodule";
			};
			name = Release;
		};
		9CB00DA41FA3CE6B005A7A4A /* Debug */ = {
			isa = XCBuildConfiguration;
			buildSettings = {
				CLANG_ENABLE_MODULES = YES;
				CODE_SIGN_STYLE = Automatic;
				LD_RUNPATH_SEARCH_PATHS = "$(inherited) @executable_path/../Frameworks @loader_path/../Frameworks";
				PRODUCT_NAME = "$(TARGET_NAME)";
				SWIFT_OBJC_BRIDGING_HEADER = "FirstIOEngine/FirstIOEngine-Bridging-Header.h";
				SWIFT_OPTIMIZATION_LEVEL = "-Onone";
				SWIFT_VERSION = 4.0;
			};
			name = Debug;
		};
		9CB00DA51FA3CE6B005A7A4A /* Release */ = {
			isa = XCBuildConfiguration;
			buildSettings = {
				CLANG_ENABLE_MODULES = YES;
				CODE_SIGN_STYLE = Automatic;
				LD_RUNPATH_SEARCH_PATHS = "$(inherited) @executable_path/../Frameworks @loader_path/../Frameworks";
				PRODUCT_NAME = "$(TARGET_NAME)";
				SWIFT_OBJC_BRIDGING_HEADER = "FirstIOEngine/FirstIOEngine-Bridging-Header.h";
				SWIFT_VERSION = 4.0;
			};
			name = Release;
		};
/* End XCBuildConfiguration section */

/* Begin XCConfigurationList section */
		9CB00D971FA3CE6B005A7A4A /* Build configuration list for PBXProject "FirstIOEngine" */ = {
			isa = XCConfigurationList;
			buildConfigurations = (
				9CB00DA11FA3CE6B005A7A4A /* Debug */,
				9CB00DA21FA3CE6B005A7A4A /* Release */,
			);
			defaultConfigurationIsVisible = 0;
			defaultConfigurationName = Release;
		};
		9CB00DA31FA3CE6B005A7A4A /* Build configuration list for PBXNativeTarget "FirstIOEngine" */ = {
			isa = XCConfigurationList;
			buildConfigurations = (
				9CB00DA41FA3CE6B005A7A4A /* Debug */,
				9CB00DA51FA3CE6B005A7A4A /* Release */,
			);
			defaultConfigurationIsVisible = 0;
			defaultConfigurationName = Release;
		};
/* End XCConfigurationList section */
	};
	rootObject = 9CB00D941FA3CE6B005A7A4A /* Project object */;
}
